// !$*UTF8*$!
{
	archiveVersion = 1;
	classes = {
	};
	objectVersion = 55;
	objects = {

/* Begin PBXBuildFile section */
		782A36A5280E669300EC6D6D /* Model.swift in Sources */ = {isa = PBXBuildFile; fileRef = 782A36A4280E669300EC6D6D /* Model.swift */; };
		782A36AA280E702800EC6D6D /* ResultViewController.swift in Sources */ = {isa = PBXBuildFile; fileRef = 782A36A9280E702800EC6D6D /* ResultViewController.swift */; };
		786E1670280D52E3008FC69C /* AppDelegate.swift in Sources */ = {isa = PBXBuildFile; fileRef = 786E166F280D52E3008FC69C /* AppDelegate.swift */; };
		786E1672280D52E3008FC69C /* SceneDelegate.swift in Sources */ = {isa = PBXBuildFile; fileRef = 786E1671280D52E3008FC69C /* SceneDelegate.swift */; };
		786E1674280D52E3008FC69C /* CalculateViewController.swift in Sources */ = {isa = PBXBuildFile; fileRef = 786E1673280D52E3008FC69C /* CalculateViewController.swift */; };
		786E1677280D52E3008FC69C /* Main.storyboard in Resources */ = {isa = PBXBuildFile; fileRef = 786E1675280D52E3008FC69C /* Main.storyboard */; };
		786E167A280D52E3008FC69C /* BMI_udemy.xcdatamodeld in Sources */ = {isa = PBXBuildFile; fileRef = 786E1678280D52E3008FC69C /* BMI_udemy.xcdatamodeld */; };
		786E167C280D52E4008FC69C /* Assets.xcassets in Resources */ = {isa = PBXBuildFile; fileRef = 786E167B280D52E4008FC69C /* Assets.xcassets */; };
		786E167F280D52E4008FC69C /* LaunchScreen.storyboard in Resources */ = {isa = PBXBuildFile; fileRef = 786E167D280D52E4008FC69C /* LaunchScreen.storyboard */; };
/* End PBXBuildFile section */

/* Begin PBXFileReference section */
		782A36A4280E669300EC6D6D /* Model.swift */ = {isa = PBXFileReference; lastKnownFileType = sourcecode.swift; path = Model.swift; sourceTree = "<group>"; };
		782A36A9280E702800EC6D6D /* ResultViewController.swift */ = {isa = PBXFileReference; lastKnownFileType = sourcecode.swift; name = ResultViewController.swift; path = "BMI udemy/ResultViewController.swift"; sourceTree = SOURCE_ROOT; };
		786E166C280D52E3008FC69C /* BMI udemy.app */ = {isa = PBXFileReference; explicitFileType = wrapper.application; includeInIndex = 0; path = "BMI udemy.app"; sourceTree = BUILT_PRODUCTS_DIR; };
		786E166F280D52E3008FC69C /* AppDelegate.swift */ = {isa = PBXFileReference; lastKnownFileType = sourcecode.swift; path = AppDelegate.swift; sourceTree = "<group>"; };
		786E1671280D52E3008FC69C /* SceneDelegate.swift */ = {isa = PBXFileReference; lastKnownFileType = sourcecode.swift; path = SceneDelegate.swift; sourceTree = "<group>"; };
		786E1673280D52E3008FC69C /* CalculateViewController.swift */ = {isa = PBXFileReference; lastKnownFileType = sourcecode.swift; path = CalculateViewController.swift; sourceTree = "<group>"; };
		786E1676280D52E3008FC69C /* Base */ = {isa = PBXFileReference; lastKnownFileType = file.storyboard; name = Base; path = Base.lproj/Main.storyboard; sourceTree = "<group>"; };
		786E1679280D52E3008FC69C /* BMI_udemy.xcdatamodel */ = {isa = PBXFileReference; lastKnownFileType = wrapper.xcdatamodel; path = BMI_udemy.xcdatamodel; sourceTree = "<group>"; };
		786E167B280D52E4008FC69C /* Assets.xcassets */ = {isa = PBXFileReference; lastKnownFileType = folder.assetcatalog; path = Assets.xcassets; sourceTree = "<group>"; };
		786E167E280D52E4008FC69C /* Base */ = {isa = PBXFileReference; lastKnownFileType = file.storyboard; name = Base; path = Base.lproj/LaunchScreen.storyboard; sourceTree = "<group>"; };
		786E1680280D52E4008FC69C /* Info.plist */ = {isa = PBXFileReference; lastKnownFileType = text.plist.xml; path = Info.plist; sourceTree = "<group>"; };
/* End PBXFileReference section */

/* Begin PBXFrameworksBuildPhase section */
		786E1669280D52E3008FC69C /* Frameworks */ = {
			isa = PBXFrameworksBuildPhase;
			buildActionMask = 2147483647;
			files = (
			);
			runOnlyForDeploymentPostprocessing = 0;
		};
/* End PBXFrameworksBuildPhase section */

/* Begin PBXGroup section */
		782A36A2280E666D00EC6D6D /* View */ = {
			isa = PBXGroup;
			children = (
				786E1675280D52E3008FC69C /* Main.storyboard */,
			);
			path = View;
			sourceTree = "<group>";
		};
		782A36A3280E667A00EC6D6D /* Controller */ = {
			isa = PBXGroup;
			children = (
				782A36A9280E702800EC6D6D /* ResultViewController.swift */,
				786E1673280D52E3008FC69C /* CalculateViewController.swift */,
			);
			path = Controller;
			sourceTree = "<group>";
		};
		782A36A6280E669E00EC6D6D /* Models */ = {
			isa = PBXGroup;
			children = (
				782A36A4280E669300EC6D6D /* Model.swift */,
			);
			path = Models;
			sourceTree = "<group>";
		};
		786E1663280D52E3008FC69C = {
			isa = PBXGroup;
			children = (
				786E166E280D52E3008FC69C /* BMI udemy */,
				786E166D280D52E3008FC69C /* Products */,
			);
			sourceTree = "<group>";
		};
		786E166D280D52E3008FC69C /* Products */ = {
			isa = PBXGroup;
			children = (
				786E166C280D52E3008FC69C /* BMI udemy.app */,
			);
			name = Products;
			sourceTree = "<group>";
		};
		786E166E280D52E3008FC69C /* BMI udemy */ = {
			isa = PBXGroup;
			children = (
				786E166F280D52E3008FC69C /* AppDelegate.swift */,
				786E1671280D52E3008FC69C /* SceneDelegate.swift */,
				782A36A6280E669E00EC6D6D /* Models */,
				782A36A2280E666D00EC6D6D /* View */,
				782A36A3280E667A00EC6D6D /* Controller */,
				786E167B280D52E4008FC69C /* Assets.xcassets */,
				786E167D280D52E4008FC69C /* LaunchScreen.storyboard */,
				786E1680280D52E4008FC69C /* Info.plist */,
				786E1678280D52E3008FC69C /* BMI_udemy.xcdatamodeld */,
			);
			path = "BMI udemy";
			sourceTree = "<group>";
		};
/* End PBXGroup section */

/* Begin PBXNativeTarget section */
		786E166B280D52E3008FC69C /* BMI udemy */ = {
			isa = PBXNativeTarget;
			buildConfigurationList = 786E1683280D52E4008FC69C /* Build configuration list for PBXNativeTarget "BMI udemy" */;
			buildPhases = (
				786E1668280D52E3008FC69C /* Sources */,
				786E1669280D52E3008FC69C /* Frameworks */,
				786E166A280D52E3008FC69C /* Resources */,
			);
			buildRules = (
			);
			dependencies = (
			);
			name = "BMI udemy";
			productName = "BMI udemy";
			productReference = 786E166C280D52E3008FC69C /* BMI udemy.app */;
			productType = "com.apple.product-type.application";
		};
/* End PBXNativeTarget section */

/* Begin PBXProject section */
		786E1664280D52E3008FC69C /* Project object */ = {
			isa = PBXProject;
			attributes = {
				BuildIndependentTargetsInParallel = 1;
				LastSwiftUpdateCheck = 1330;
				LastUpgradeCheck = 1330;
				TargetAttributes = {
					786E166B280D52E3008FC69C = {
						CreatedOnToolsVersion = 13.3.1;
					};
				};
			};
			buildConfigurationList = 786E1667280D52E3008FC69C /* Build configuration list for PBXProject "BMI udemy" */;
			compatibilityVersion = "Xcode 13.0";
			developmentRegion = en;
			hasScannedForEncodings = 0;
			knownRegions = (
				en,
				Base,
			);
			mainGroup = 786E1663280D52E3008FC69C;
			productRefGroup = 786E166D280D52E3008FC69C /* Products */;
			projectDirPath = "";
			projectRoot = "";
			targets = (
				786E166B280D52E3008FC69C /* BMI udemy */,
			);
		};
/* End PBXProject section */

/* Begin PBXResourcesBuildPhase section */
		786E166A280D52E3008FC69C /* Resources */ = {
			isa = PBXResourcesBuildPhase;
			buildActionMask = 2147483647;
			files = (
				786E167F280D52E4008FC69C /* LaunchScreen.storyboard in Resources */,
				786E167C280D52E4008FC69C /* Assets.xcassets in Resources */,
				786E1677280D52E3008FC69C /* Main.storyboard in Resources */,
			);
			runOnlyForDeploymentPostprocessing = 0;
		};
/* End PBXResourcesBuildPhase section */

/* Begin PBXSourcesBuildPhase section */
		786E1668280D52E3008FC69C /* Sources */ = {
			isa = PBXSourcesBuildPhase;
			buildActionMask = 2147483647;
			files = (
				782A36A5280E669300EC6D6D /* Model.swift in Sources */,
				782A36AA280E702800EC6D6D /* ResultViewController.swift in Sources */,
				786E1674280D52E3008FC69C /* CalculateViewController.swift in Sources */,
				786E167A280D52E3008FC69C /* BMI_udemy.xcdatamodeld in Sources */,
				786E1670280D52E3008FC69C /* AppDelegate.swift in Sources */,
				786E1672280D52E3008FC69C /* SceneDelegate.swift in Sources */,
			);
			runOnlyForDeploymentPostprocessing = 0;
		};
/* End PBXSourcesBuildPhase section */

/* Begin PBXVariantGroup section */
		786E1675280D52E3008FC69C /* Main.storyboard */ = {
			isa = PBXVariantGroup;
			children = (
				786E1676280D52E3008FC69C /* Base */,
			);
			name = Main.storyboard;
			sourceTree = "<group>";
		};
		786E167D280D52E4008FC69C /* LaunchScreen.storyboard */ = {
			isa = PBXVariantGroup;
			children = (
				786E167E280D52E4008FC69C /* Base */,
			);
			name = LaunchScreen.storyboard;
			sourceTree = "<group>";
		};
/* End PBXVariantGroup section */

/* Begin XCBuildConfiguration section */
		786E1681280D52E4008FC69C /* Debug */ = {
			isa = XCBuildConfiguration;
			buildSettings = {
				ALWAYS_SEARCH_USER_PATHS = NO;
				CLANG_ANALYZER_NONNULL = YES;
				CLANG_ANALYZER_NUMBER_OBJECT_CONVERSION = YES_AGGRESSIVE;
				CLANG_CXX_LANGUAGE_STANDARD = "gnu++17";
				CLANG_ENABLE_MODULES = YES;
				CLANG_ENABLE_OBJC_ARC = YES;
				CLANG_ENABLE_OBJC_WEAK = YES;
				CLANG_WARN_BLOCK_CAPTURE_AUTORELEASING = YES;
				CLANG_WARN_BOOL_CONVERSION = YES;
				CLANG_WARN_COMMA = YES;
				CLANG_WARN_CONSTANT_CONVERSION = YES;
				CLANG_WARN_DEPRECATED_OBJC_IMPLEMENTATIONS = YES;
				CLANG_WARN_DIRECT_OBJC_ISA_USAGE = YES_ERROR;
				CLANG_WARN_DOCUMENTATION_COMMENTS = YES;
				CLANG_WARN_EMPTY_BODY = YES;
				CLANG_WARN_ENUM_CONVERSION = YES;
				CLANG_WARN_INFINITE_RECURSION = YES;
				CLANG_WARN_INT_CONVERSION = YES;
				CLANG_WARN_NON_LITERAL_NULL_CONVERSION = YES;
				CLANG_WARN_OBJC_IMPLICIT_RETAIN_SELF = YES;
				CLANG_WARN_OBJC_LITERAL_CONVERSION = YES;
				CLANG_WARN_OBJC_ROOT_CLASS = YES_ERROR;
				CLANG_WARN_QUOTED_INCLUDE_IN_FRAMEWORK_HEADER = YES;
				CLANG_WARN_RANGE_LOOP_ANALYSIS = YES;
				CLANG_WARN_STRICT_PROTOTYPES = YES;
				CLANG_WARN_SUSPICIOUS_MOVE = YES;
				CLANG_WARN_UNGUARDED_AVAILABILITY = YES_AGGRESSIVE;
				CLANG_WARN_UNREACHABLE_CODE = YES;
				CLANG_WARN__DUPLICATE_METHOD_MATCH = YES;
				COPY_PHASE_STRIP = NO;
				DEBUG_INFORMATION_FORMAT = dwarf;
				ENABLE_STRICT_OBJC_MSGSEND = YES;
				ENABLE_TESTABILITY = YES;
				GCC_C_LANGUAGE_STANDARD = gnu11;
				GCC_DYNAMIC_NO_PIC = NO;
				GCC_NO_COMMON_BLOCKS = YES;
				GCC_OPTIMIZATION_LEVEL = 0;
				GCC_PREPROCESSOR_DEFINITIONS = (
					"DEBUG=1",
					"$(inherited)",
				);
				GCC_WARN_64_TO_32_BIT_CONVERSION = YES;
				GCC_WARN_ABOUT_RETURN_TYPE = YES_ERROR;
				GCC_WARN_UNDECLARED_SELECTOR = YES;
				GCC_WARN_UNINITIALIZED_AUTOS = YES_AGGRESSIVE;
				GCC_WARN_UNUSED_FUNCTION = YES;
				GCC_WARN_UNUSED_VARIABLE = YES;
				IPHONEOS_DEPLOYMENT_TARGET = 15.4;
				MTL_ENABLE_DEBUG_INFO = INCLUDE_SOURCE;
				MTL_FAST_MATH = YES;
				ONLY_ACTIVE_ARCH = YES;
				SDKROOT = iphoneos;
				SWIFT_ACTIVE_COMPILATION_CONDITIONS = DEBUG;
				SWIFT_OPTIMIZATION_LEVEL = "-Onone";
			};
			name = Debug;
		};
		786E1682280D52E4008FC69C /* Release */ = {
			isa = XCBuildConfiguration;
			buildSettings = {
				ALWAYS_SEARCH_USER_PATHS = NO;
				CLANG_ANALYZER_NONNULL = YES;
				CLANG_ANALYZER_NUMBER_OBJECT_CONVERSION = YES_AGGRESSIVE;
				CLANG_CXX_LANGUAGE_STANDARD = "gnu++17";
				CLANG_ENABLE_MODULES = YES;
				CLANG_ENABLE_OBJC_ARC = YES;
				CLANG_ENABLE_OBJC_WEAK = YES;
				CLANG_WARN_BLOCK_CAPTURE_AUTORELEASING = YES;
				CLANG_WARN_BOOL_CONVERSION = YES;
				CLANG_WARN_COMMA = YES;
				CLANG_WARN_CONSTANT_CONVERSION = YES;
				CLANG_WARN_DEPRECATED_OBJC_IMPLEMENTATIONS = YES;
				CLANG_WARN_DIRECT_OBJC_ISA_USAGE = YES_ERROR;
				CLANG_WARN_DOCUMENTATION_COMMENTS = YES;
				CLANG_WARN_EMPTY_BODY = YES;
				CLANG_WARN_ENUM_CONVERSION = YES;
				CLANG_WARN_INFINITE_RECURSION = YES;
				CLANG_WARN_INT_CONVERSION = YES;
				CLANG_WARN_NON_LITERAL_NULL_CONVERSION = YES;
				CLANG_WARN_OBJC_IMPLICIT_RETAIN_SELF = YES;
				CLANG_WARN_OBJC_LITERAL_CONVERSION = YES;
				CLANG_WARN_OBJC_ROOT_CLASS = YES_ERROR;
				CLANG_WARN_QUOTED_INCLUDE_IN_FRAMEWORK_HEADER = YES;
				CLANG_WARN_RANGE_LOOP_ANALYSIS = YES;
				CLANG_WARN_STRICT_PROTOTYPES = YES;
				CLANG_WARN_SUSPICIOUS_MOVE = YES;
				CLANG_WARN_UNGUARDED_AVAILABILITY = YES_AGGRESSIVE;
				CLANG_WARN_UNREACHABLE_CODE = YES;
				CLANG_WARN__DUPLICATE_METHOD_MATCH = YES;
				COPY_PHASE_STRIP = NO;
				DEBUG_INFORMATION_FORMAT = "dwarf-with-dsym";
				ENABLE_NS_ASSERTIONS = NO;
				ENABLE_STRICT_OBJC_MSGSEND = YES;
				GCC_C_LANGUAGE_STANDARD = gnu11;
				GCC_NO_COMMON_BLOCKS = YES;
				GCC_WARN_64_TO_32_BIT_CONVERSION = YES;
				GCC_WARN_ABOUT_RETURN_TYPE = YES_ERROR;
				GCC_WARN_UNDECLARED_SELECTOR = YES;
				GCC_WARN_UNINITIALIZED_AUTOS = YES_AGGRESSIVE;
				GCC_WARN_UNUSED_FUNCTION = YES;
				GCC_WARN_UNUSED_VARIABLE = YES;
				IPHONEOS_DEPLOYMENT_TARGET = 15.4;
				MTL_ENABLE_DEBUG_INFO = NO;
				MTL_FAST_MATH = YES;
				SDKROOT = iphoneos;
				SWIFT_COMPILATION_MODE = wholemodule;
				SWIFT_OPTIMIZATION_LEVEL = "-O";
				VALIDATE_PRODUCT = YES;
			};
			name = Release;
		};
		786E1684280D52E4008FC69C /* Debug */ = {
			isa = XCBuildConfiguration;
			buildSettings = {
				ASSETCATALOG_COMPILER_APPICON_NAME = AppIcon;
				ASSETCATALOG_COMPILER_GLOBAL_ACCENT_COLOR_NAME = AccentColor;
				CODE_SIGN_STYLE = Automatic;
				CURRENT_PROJECT_VERSION = 1;
				DEVELOPMENT_TEAM = WQD7F9D6LV;
				GENERATE_INFOPLIST_FILE = YES;
				INFOPLIST_FILE = "BMI udemy/Info.plist";
				INFOPLIST_KEY_UIApplicationSupportsIndirectInputEvents = YES;
				INFOPLIST_KEY_UILaunchStoryboardName = LaunchScreen;
				INFOPLIST_KEY_UIMainStoryboardFile = Main;
				INFOPLIST_KEY_UISupportedInterfaceOrientations_iPad = "UIInterfaceOrientationPortrait UIInterfaceOrientationPortraitUpsideDown UIInterfaceOrientationLandscapeLeft UIInterfaceOrientationLandscapeRight";
				INFOPLIST_KEY_UISupportedInterfaceOrientations_iPhone = "UIInterfaceOrientationPortrait UIInterfaceOrientationLandscapeLeft UIInterfaceOrientationLandscapeRight";
				LD_RUNPATH_SEARCH_PATHS = (
					"$(inherited)",
					"@executable_path/Frameworks",
				);
				MARKETING_VERSION = 1.0;
				PRODUCT_BUNDLE_IDENTIFIER = "com.moolman.BMI-udemy";
				PRODUCT_NAME = "$(TARGET_NAME)";
				SWIFT_EMIT_LOC_STRINGS = YES;
				SWIFT_VERSION = 5.0;
				TARGETED_DEVICE_FAMILY = "1,2";
			};
			name = Debug;
		};
		786E1685280D52E4008FC69C /* Release */ = {
			isa = XCBuildConfiguration;
			buildSettings = {
				ASSETCATALOG_COMPILER_APPICON_NAME = AppIcon;
				ASSETCATALOG_COMPILER_GLOBAL_ACCENT_COLOR_NAME = AccentColor;
				CODE_SIGN_STYLE = Automatic;
				CURRENT_PROJECT_VERSION = 1;
				DEVELOPMENT_TEAM = WQD7F9D6LV;
				GENERATE_INFOPLIST_FILE = YES;
				INFOPLIST_FILE = "BMI udemy/Info.plist";
				INFOPLIST_KEY_UIApplicationSupportsIndirectInputEvents = YES;
				INFOPLIST_KEY_UILaunchStoryboardName = LaunchScreen;
				INFOPLIST_KEY_UIMainStoryboardFile = Main;
				INFOPLIST_KEY_UISupportedInterfaceOrientations_iPad = "UIInterfaceOrientationPortrait UIInterfaceOrientationPortraitUpsideDown UIInterfaceOrientationLandscapeLeft UIInterfaceOrientationLandscapeRight";
				INFOPLIST_KEY_UISupportedInterfaceOrientations_iPhone = "UIInterfaceOrientationPortrait UIInterfaceOrientationLandscapeLeft UIInterfaceOrientationLandscapeRight";
				LD_RUNPATH_SEARCH_PATHS = (
					"$(inherited)",
					"@executable_path/Frameworks",
				);
				MARKETING_VERSION = 1.0;
				PRODUCT_BUNDLE_IDENTIFIER = "com.moolman.BMI-udemy";
				PRODUCT_NAME = "$(TARGET_NAME)";
				SWIFT_EMIT_LOC_STRINGS = YES;
				SWIFT_VERSION = 5.0;
				TARGETED_DEVICE_FAMILY = "1,2";
			};
			name = Release;
		};
/* End XCBuildConfiguration section */

/* Begin XCConfigurationList section */
		786E1667280D52E3008FC69C /* Build configuration list for PBXProject "BMI udemy" */ = {
			isa = XCConfigurationList;
			buildConfigurations = (
				786E1681280D52E4008FC69C /* Debug */,
				786E1682280D52E4008FC69C /* Release */,
			);
			defaultConfigurationIsVisible = 0;
			defaultConfigurationName = Release;
		};
		786E1683280D52E4008FC69C /* Build configuration list for PBXNativeTarget "BMI udemy" */ = {
			isa = XCConfigurationList;
			buildConfigurations = (
				786E1684280D52E4008FC69C /* Debug */,
				786E1685280D52E4008FC69C /* Release */,
			);
			defaultConfigurationIsVisible = 0;
			defaultConfigurationName = Release;
		};
/* End XCConfigurationList section */

/* Begin XCVersionGroup section */
		786E1678280D52E3008FC69C /* BMI_udemy.xcdatamodeld */ = {
			isa = XCVersionGroup;
			children = (
				786E1679280D52E3008FC69C /* BMI_udemy.xcdatamodel */,
			);
			currentVersion = 786E1679280D52E3008FC69C /* BMI_udemy.xcdatamodel */;
			path = BMI_udemy.xcdatamodeld;
			sourceTree = "<group>";
			versionGroupType = wrapper.xcdatamodel;
		};
/* End XCVersionGroup section */
	};
	rootObject = 786E1664280D52E3008FC69C /* Project object */;
}
